
Microsoft Visual Studio Solution File, Format Version 12.00
# Visual Studio Version 16
VisualStudioVersion = 16.0.30907.101
MinimumVisualStudioVersion = 10.0.40219.1
Project("{FAE04EC0-301F-11D3-BF4B-00C04F79EFBC}") = "miniShop", "miniShop\miniShop.csproj", "{11319C62-0ED3-43E7-B1D4-101C28B12E53}"
EndProject
Global
	GlobalSection(SolutionConfigurationPlatforms) = preSolution
		Debug|Any CPU = Debug|Any CPU
		Release|Any CPU = Release|Any CPU
	EndGlobalSection
	GlobalSection(ProjectConfigurationPlatforms) = postSolution
		{11319C62-0ED3-43E7-B1D4-101C28B12E53}.Debug|Any CPU.ActiveCfg = Debug|Any CPU
		{11319C62-0ED3-43E7-B1D4-101C28B12E53}.Debug|Any CPU.Build.0 = Debug|Any CPU
		{11319C62-0ED3-43E7-B1D4-101C28B12E53}.Release|Any CPU.ActiveCfg = Release|Any CPU
		{11319C62-0ED3-43E7-B1D4-101C28B12E53}.Release|Any CPU.Build.0 = Release|Any CPU
	EndGlobalSection
	GlobalSection(SolutionProperties) = preSolution
		HideSolutionNode = FALSE
	EndGlobalSection
	GlobalSection(ExtensibilityGlobals) = postSolution
		SolutionGuid = {75F4DA76-DE0C-4367-93B4-3D37C34434B7}
	EndGlobalSection
EndGlobal
